// !$*UTF8*$!
{
	archiveVersion = 1;
	classes = {
	};
	objectVersion = 56;
	objects = {

/* Begin PBXBuildFile section */
		074F2D5F2B76001E00B21A02 /* Assets.xcassets in Resources */ = {isa = PBXBuildFile; fileRef = 074F2D5E2B76001E00B21A02 /* Assets.xcassets */; };
		074F2D622B76001E00B21A02 /* Preview Assets.xcassets in Resources */ = {isa = PBXBuildFile; fileRef = 074F2D612B76001E00B21A02 /* Preview Assets.xcassets */; };
		074F2D6A2B7600AA00B21A02 /* Card.swift in Sources */ = {isa = PBXBuildFile; fileRef = 074F2D692B7600AA00B21A02 /* Card.swift */; };
		074F2D6D2B7600CD00B21A02 /* CardsView.swift in Sources */ = {isa = PBXBuildFile; fileRef = 074F2D6C2B7600CD00B21A02 /* CardsView.swift */; };
		074F2D6F2B76010A00B21A02 /* SnapCarousel.swift in Sources */ = {isa = PBXBuildFile; fileRef = 074F2D6E2B76010A00B21A02 /* SnapCarousel.swift */; };
		075CDBAB2B76164900F9EEA1 /* AppCoordinator.swift in Sources */ = {isa = PBXBuildFile; fileRef = 075CDBAA2B76164900F9EEA1 /* AppCoordinator.swift */; };
		075CDBAF2B7618A600F9EEA1 /* AppDelegate.swift in Sources */ = {isa = PBXBuildFile; fileRef = 075CDBAE2B7618A600F9EEA1 /* AppDelegate.swift */; };
		075CDBB12B761B1E00F9EEA1 /* CardsViewModel.swift in Sources */ = {isa = PBXBuildFile; fileRef = 075CDBB02B761B1E00F9EEA1 /* CardsViewModel.swift */; };
		075CDBB32B761BE100F9EEA1 /* DetailedCardView.swift in Sources */ = {isa = PBXBuildFile; fileRef = 075CDBB22B761BE100F9EEA1 /* DetailedCardView.swift */; };
		075CDBB62B761D4C00F9EEA1 /* DetailedCardViewModel.swift in Sources */ = {isa = PBXBuildFile; fileRef = 075CDBB52B761D4C00F9EEA1 /* DetailedCardViewModel.swift */; };
/* End PBXBuildFile section */

/* Begin PBXFileReference section */
		074F2D572B76001D00B21A02 /* CinemaApp.app */ = {isa = PBXFileReference; explicitFileType = wrapper.application; includeInIndex = 0; path = CinemaApp.app; sourceTree = BUILT_PRODUCTS_DIR; };
		074F2D5E2B76001E00B21A02 /* Assets.xcassets */ = {isa = PBXFileReference; lastKnownFileType = folder.assetcatalog; path = Assets.xcassets; sourceTree = "<group>"; };
		074F2D612B76001E00B21A02 /* Preview Assets.xcassets */ = {isa = PBXFileReference; lastKnownFileType = folder.assetcatalog; path = "Preview Assets.xcassets"; sourceTree = "<group>"; };
		074F2D692B7600AA00B21A02 /* Card.swift */ = {isa = PBXFileReference; lastKnownFileType = sourcecode.swift; path = Card.swift; sourceTree = "<group>"; };
		074F2D6C2B7600CD00B21A02 /* CardsView.swift */ = {isa = PBXFileReference; lastKnownFileType = sourcecode.swift; path = CardsView.swift; sourceTree = "<group>"; };
		074F2D6E2B76010A00B21A02 /* SnapCarousel.swift */ = {isa = PBXFileReference; lastKnownFileType = sourcecode.swift; path = SnapCarousel.swift; sourceTree = "<group>"; };
		075CDBAA2B76164900F9EEA1 /* AppCoordinator.swift */ = {isa = PBXFileReference; lastKnownFileType = sourcecode.swift; path = AppCoordinator.swift; sourceTree = "<group>"; };
		075CDBAE2B7618A600F9EEA1 /* AppDelegate.swift */ = {isa = PBXFileReference; lastKnownFileType = sourcecode.swift; path = AppDelegate.swift; sourceTree = "<group>"; };
		075CDBB02B761B1E00F9EEA1 /* CardsViewModel.swift */ = {isa = PBXFileReference; lastKnownFileType = sourcecode.swift; path = CardsViewModel.swift; sourceTree = "<group>"; };
		075CDBB22B761BE100F9EEA1 /* DetailedCardView.swift */ = {isa = PBXFileReference; lastKnownFileType = sourcecode.swift; path = DetailedCardView.swift; sourceTree = "<group>"; };
		075CDBB52B761D4C00F9EEA1 /* DetailedCardViewModel.swift */ = {isa = PBXFileReference; lastKnownFileType = sourcecode.swift; path = DetailedCardViewModel.swift; sourceTree = "<group>"; };
/* End PBXFileReference section */

/* Begin PBXFrameworksBuildPhase section */
		074F2D542B76001D00B21A02 /* Frameworks */ = {
			isa = PBXFrameworksBuildPhase;
			buildActionMask = 2147483647;
			files = (
			);
			runOnlyForDeploymentPostprocessing = 0;
		};
/* End PBXFrameworksBuildPhase section */

/* Begin PBXGroup section */
		074F2D4E2B76001C00B21A02 = {
			isa = PBXGroup;
			children = (
				074F2D592B76001D00B21A02 /* CinemaApp */,
				074F2D582B76001D00B21A02 /* Products */,
			);
			sourceTree = "<group>";
		};
		074F2D582B76001D00B21A02 /* Products */ = {
			isa = PBXGroup;
			children = (
				074F2D572B76001D00B21A02 /* CinemaApp.app */,
			);
			name = Products;
			sourceTree = "<group>";
		};
		074F2D592B76001D00B21A02 /* CinemaApp */ = {
			isa = PBXGroup;
			children = (
				075CDBB42B761D3200F9EEA1 /* Application */,
				074F2D682B76009F00B21A02 /* Model */,
				074F2D6B2B7600C100B21A02 /* View */,
				074F2D5E2B76001E00B21A02 /* Assets.xcassets */,
				074F2D602B76001E00B21A02 /* Preview Content */,
			);
			path = CinemaApp;
			sourceTree = "<group>";
		};
		074F2D602B76001E00B21A02 /* Preview Content */ = {
			isa = PBXGroup;
			children = (
				074F2D612B76001E00B21A02 /* Preview Assets.xcassets */,
			);
			path = "Preview Content";
			sourceTree = "<group>";
		};
		074F2D682B76009F00B21A02 /* Model */ = {
			isa = PBXGroup;
			children = (
				074F2D692B7600AA00B21A02 /* Card.swift */,
			);
			path = Model;
			sourceTree = "<group>";
		};
		074F2D6B2B7600C100B21A02 /* View */ = {
			isa = PBXGroup;
			children = (
				074F2D6C2B7600CD00B21A02 /* CardsView.swift */,
				075CDBB02B761B1E00F9EEA1 /* CardsViewModel.swift */,
				075CDBB22B761BE100F9EEA1 /* DetailedCardView.swift */,
				075CDBB52B761D4C00F9EEA1 /* DetailedCardViewModel.swift */,
				074F2D6E2B76010A00B21A02 /* SnapCarousel.swift */,
			);
			path = View;
			sourceTree = "<group>";
		};
		075CDBB42B761D3200F9EEA1 /* Application */ = {
			isa = PBXGroup;
			children = (
				075CDBAE2B7618A600F9EEA1 /* AppDelegate.swift */,
				075CDBAA2B76164900F9EEA1 /* AppCoordinator.swift */,
			);
			path = Application;
			sourceTree = "<group>";
		};
/* End PBXGroup section */

/* Begin PBXNativeTarget section */
		074F2D562B76001D00B21A02 /* CinemaApp */ = {
			isa = PBXNativeTarget;
			buildConfigurationList = 074F2D652B76001E00B21A02 /* Build configuration list for PBXNativeTarget "CinemaApp" */;
			buildPhases = (
				074F2D532B76001D00B21A02 /* Sources */,
				074F2D542B76001D00B21A02 /* Frameworks */,
				074F2D552B76001D00B21A02 /* Resources */,
			);
			buildRules = (
			);
			dependencies = (
			);
			name = CinemaApp;
			productName = CinemaApp;
			productReference = 074F2D572B76001D00B21A02 /* CinemaApp.app */;
			productType = "com.apple.product-type.application";
		};
/* End PBXNativeTarget section */

/* Begin PBXProject section */
		074F2D4F2B76001C00B21A02 /* Project object */ = {
			isa = PBXProject;
			attributes = {
				BuildIndependentTargetsInParallel = 1;
				LastSwiftUpdateCheck = 1500;
				LastUpgradeCheck = 1500;
				TargetAttributes = {
					074F2D562B76001D00B21A02 = {
						CreatedOnToolsVersion = 15.0.1;
					};
				};
			};
			buildConfigurationList = 074F2D522B76001C00B21A02 /* Build configuration list for PBXProject "CinemaApp" */;
			compatibilityVersion = "Xcode 14.0";
			developmentRegion = en;
			hasScannedForEncodings = 0;
			knownRegions = (
				en,
				Base,
			);
			mainGroup = 074F2D4E2B76001C00B21A02;
			productRefGroup = 074F2D582B76001D00B21A02 /* Products */;
			projectDirPath = "";
			projectRoot = "";
			targets = (
				074F2D562B76001D00B21A02 /* CinemaApp */,
			);
		};
/* End PBXProject section */

/* Begin PBXResourcesBuildPhase section */
		074F2D552B76001D00B21A02 /* Resources */ = {
			isa = PBXResourcesBuildPhase;
			buildActionMask = 2147483647;
			files = (
				074F2D622B76001E00B21A02 /* Preview Assets.xcassets in Resources */,
				074F2D5F2B76001E00B21A02 /* Assets.xcassets in Resources */,
			);
			runOnlyForDeploymentPostprocessing = 0;
		};
/* End PBXResourcesBuildPhase section */

/* Begin PBXSourcesBuildPhase section */
		074F2D532B76001D00B21A02 /* Sources */ = {
			isa = PBXSourcesBuildPhase;
			buildActionMask = 2147483647;
			files = (
				075CDBAF2B7618A600F9EEA1 /* AppDelegate.swift in Sources */,
				075CDBAB2B76164900F9EEA1 /* AppCoordinator.swift in Sources */,
				074F2D6A2B7600AA00B21A02 /* Card.swift in Sources */,
				075CDBB32B761BE100F9EEA1 /* DetailedCardView.swift in Sources */,
				075CDBB62B761D4C00F9EEA1 /* DetailedCardViewModel.swift in Sources */,
				075CDBB12B761B1E00F9EEA1 /* CardsViewModel.swift in Sources */,
				074F2D6D2B7600CD00B21A02 /* CardsView.swift in Sources */,
				074F2D6F2B76010A00B21A02 /* SnapCarousel.swift in Sources */,
			);
			runOnlyForDeploymentPostprocessing = 0;
		};
/* End PBXSourcesBuildPhase section */

/* Begin XCBuildConfiguration section */
		074F2D632B76001E00B21A02 /* Debug */ = {
			isa = XCBuildConfiguration;
			buildSettings = {
				ALWAYS_SEARCH_USER_PATHS = NO;
				ASSETCATALOG_COMPILER_GENERATE_SWIFT_ASSET_SYMBOL_EXTENSIONS = YES;
				CLANG_ANALYZER_NONNULL = YES;
				CLANG_ANALYZER_NUMBER_OBJECT_CONVERSION = YES_AGGRESSIVE;
				CLANG_CXX_LANGUAGE_STANDARD = "gnu++20";
				CLANG_ENABLE_MODULES = YES;
				CLANG_ENABLE_OBJC_ARC = YES;
				CLANG_ENABLE_OBJC_WEAK = YES;
				CLANG_WARN_BLOCK_CAPTURE_AUTORELEASING = YES;
				CLANG_WARN_BOOL_CONVERSION = YES;
				CLANG_WARN_COMMA = YES;
				CLANG_WARN_CONSTANT_CONVERSION = YES;
				CLANG_WARN_DEPRECATED_OBJC_IMPLEMENTATIONS = YES;
				CLANG_WARN_DIRECT_OBJC_ISA_USAGE = YES_ERROR;
				CLANG_WARN_DOCUMENTATION_COMMENTS = YES;
				CLANG_WARN_EMPTY_BODY = YES;
				CLANG_WARN_ENUM_CONVERSION = YES;
				CLANG_WARN_INFINITE_RECURSION = YES;
				CLANG_WARN_INT_CONVERSION = YES;
				CLANG_WARN_NON_LITERAL_NULL_CONVERSION = YES;
				CLANG_WARN_OBJC_IMPLICIT_RETAIN_SELF = YES;
				CLANG_WARN_OBJC_LITERAL_CONVERSION = YES;
				CLANG_WARN_OBJC_ROOT_CLASS = YES_ERROR;
				CLANG_WARN_QUOTED_INCLUDE_IN_FRAMEWORK_HEADER = YES;
				CLANG_WARN_RANGE_LOOP_ANALYSIS = YES;
				CLANG_WARN_STRICT_PROTOTYPES = YES;
				CLANG_WARN_SUSPICIOUS_MOVE = YES;
				CLANG_WARN_UNGUARDED_AVAILABILITY = YES_AGGRESSIVE;
				CLANG_WARN_UNREACHABLE_CODE = YES;
				CLANG_WARN__DUPLICATE_METHOD_MATCH = YES;
				COPY_PHASE_STRIP = NO;
				DEBUG_INFORMATION_FORMAT = dwarf;
				ENABLE_STRICT_OBJC_MSGSEND = YES;
				ENABLE_TESTABILITY = YES;
				ENABLE_USER_SCRIPT_SANDBOXING = YES;
				GCC_C_LANGUAGE_STANDARD = gnu17;
				GCC_DYNAMIC_NO_PIC = NO;
				GCC_NO_COMMON_BLOCKS = YES;
				GCC_OPTIMIZATION_LEVEL = 0;
				GCC_PREPROCESSOR_DEFINITIONS = (
					"DEBUG=1",
					"$(inherited)",
				);
				GCC_WARN_64_TO_32_BIT_CONVERSION = YES;
				GCC_WARN_ABOUT_RETURN_TYPE = YES_ERROR;
				GCC_WARN_UNDECLARED_SELECTOR = YES;
				GCC_WARN_UNINITIALIZED_AUTOS = YES_AGGRESSIVE;
				GCC_WARN_UNUSED_FUNCTION = YES;
				GCC_WARN_UNUSED_VARIABLE = YES;
				IPHONEOS_DEPLOYMENT_TARGET = 17.0;
				LOCALIZATION_PREFERS_STRING_CATALOGS = YES;
				MTL_ENABLE_DEBUG_INFO = INCLUDE_SOURCE;
				MTL_FAST_MATH = YES;
				ONLY_ACTIVE_ARCH = YES;
				SDKROOT = iphoneos;
				SWIFT_ACTIVE_COMPILATION_CONDITIONS = "DEBUG $(inherited)";
				SWIFT_OPTIMIZATION_LEVEL = "-Onone";
			};
			name = Debug;
		};
		074F2D642B76001E00B21A02 /* Release */ = {
			isa = XCBuildConfiguration;
			buildSettings = {
				ALWAYS_SEARCH_USER_PATHS = NO;
				ASSETCATALOG_COMPILER_GENERATE_SWIFT_ASSET_SYMBOL_EXTENSIONS = YES;
				CLANG_ANALYZER_NONNULL = YES;
				CLANG_ANALYZER_NUMBER_OBJECT_CONVERSION = YES_AGGRESSIVE;
				CLANG_CXX_LANGUAGE_STANDARD = "gnu++20";
				CLANG_ENABLE_MODULES = YES;
				CLANG_ENABLE_OBJC_ARC = YES;
				CLANG_ENABLE_OBJC_WEAK = YES;
				CLANG_WARN_BLOCK_CAPTURE_AUTORELEASING = YES;
				CLANG_WARN_BOOL_CONVERSION = YES;
				CLANG_WARN_COMMA = YES;
				CLANG_WARN_CONSTANT_CONVERSION = YES;
				CLANG_WARN_DEPRECATED_OBJC_IMPLEMENTATIONS = YES;
				CLANG_WARN_DIRECT_OBJC_ISA_USAGE = YES_ERROR;
				CLANG_WARN_DOCUMENTATION_COMMENTS = YES;
				CLANG_WARN_EMPTY_BODY = YES;
				CLANG_WARN_ENUM_CONVERSION = YES;
				CLANG_WARN_INFINITE_RECURSION = YES;
				CLANG_WARN_INT_CONVERSION = YES;
				CLANG_WARN_NON_LITERAL_NULL_CONVERSION = YES;
				CLANG_WARN_OBJC_IMPLICIT_RETAIN_SELF = YES;
				CLANG_WARN_OBJC_LITERAL_CONVERSION = YES;
				CLANG_WARN_OBJC_ROOT_CLASS = YES_ERROR;
				CLANG_WARN_QUOTED_INCLUDE_IN_FRAMEWORK_HEADER = YES;
				CLANG_WARN_RANGE_LOOP_ANALYSIS = YES;
				CLANG_WARN_STRICT_PROTOTYPES = YES;
				CLANG_WARN_SUSPICIOUS_MOVE = YES;
				CLANG_WARN_UNGUARDED_AVAILABILITY = YES_AGGRESSIVE;
				CLANG_WARN_UNREACHABLE_CODE = YES;
				CLANG_WARN__DUPLICATE_METHOD_MATCH = YES;
				COPY_PHASE_STRIP = NO;
				DEBUG_INFORMATION_FORMAT = "dwarf-with-dsym";
				ENABLE_NS_ASSERTIONS = NO;
				ENABLE_STRICT_OBJC_MSGSEND = YES;
				ENABLE_USER_SCRIPT_SANDBOXING = YES;
				GCC_C_LANGUAGE_STANDARD = gnu17;
				GCC_NO_COMMON_BLOCKS = YES;
				GCC_WARN_64_TO_32_BIT_CONVERSION = YES;
				GCC_WARN_ABOUT_RETURN_TYPE = YES_ERROR;
				GCC_WARN_UNDECLARED_SELECTOR = YES;
				GCC_WARN_UNINITIALIZED_AUTOS = YES_AGGRESSIVE;
				GCC_WARN_UNUSED_FUNCTION = YES;
				GCC_WARN_UNUSED_VARIABLE = YES;
				IPHONEOS_DEPLOYMENT_TARGET = 17.0;
				LOCALIZATION_PREFERS_STRING_CATALOGS = YES;
				MTL_ENABLE_DEBUG_INFO = NO;
				MTL_FAST_MATH = YES;
				SDKROOT = iphoneos;
				SWIFT_COMPILATION_MODE = wholemodule;
				VALIDATE_PRODUCT = YES;
			};
			name = Release;
		};
		074F2D662B76001E00B21A02 /* Debug */ = {
			isa = XCBuildConfiguration;
			buildSettings = {
				ASSETCATALOG_COMPILER_APPICON_NAME = AppIcon;
				ASSETCATALOG_COMPILER_GLOBAL_ACCENT_COLOR_NAME = AccentColor;
				CODE_SIGN_STYLE = Automatic;
				CURRENT_PROJECT_VERSION = 1;
				DEVELOPMENT_ASSET_PATHS = "\"CinemaApp/Preview Content\"";
				ENABLE_PREVIEWS = YES;
				GENERATE_INFOPLIST_FILE = YES;
				INFOPLIST_KEY_UIApplicationSupportsIndirectInputEvents = YES;
				INFOPLIST_KEY_UILaunchScreen_Generation = YES;
				INFOPLIST_KEY_UISupportedInterfaceOrientations_iPad = "UIInterfaceOrientationPortrait UIInterfaceOrientationPortraitUpsideDown UIInterfaceOrientationLandscapeLeft UIInterfaceOrientationLandscapeRight";
				INFOPLIST_KEY_UISupportedInterfaceOrientations_iPhone = "UIInterfaceOrientationPortrait UIInterfaceOrientationLandscapeLeft UIInterfaceOrientationLandscapeRight";
				LD_RUNPATH_SEARCH_PATHS = (
					"$(inherited)",
					"@executable_path/Frameworks",
				);
				MARKETING_VERSION = 1.0;
				PRODUCT_BUNDLE_IDENTIFIER = me.koszhanov.tilek.CinemaApp;
				PRODUCT_NAME = "$(TARGET_NAME)";
				SWIFT_EMIT_LOC_STRINGS = YES;
				SWIFT_VERSION = 5.0;
				TARGETED_DEVICE_FAMILY = "1,2";
			};
			name = Debug;
		};
		074F2D672B76001E00B21A02 /* Release */ = {
			isa = XCBuildConfiguration;
			buildSettings = {
				ASSETCATALOG_COMPILER_APPICON_NAME = AppIcon;
				ASSETCATALOG_COMPILER_GLOBAL_ACCENT_COLOR_NAME = AccentColor;
				CODE_SIGN_STYLE = Automatic;
				CURRENT_PROJECT_VERSION = 1;
				DEVELOPMENT_ASSET_PATHS = "\"CinemaApp/Preview Content\"";
				ENABLE_PREVIEWS = YES;
				GENERATE_INFOPLIST_FILE = YES;
				INFOPLIST_KEY_UIApplicationSupportsIndirectInputEvents = YES;
				INFOPLIST_KEY_UILaunchScreen_Generation = YES;
				INFOPLIST_KEY_UISupportedInterfaceOrientations_iPad = "UIInterfaceOrientationPortrait UIInterfaceOrientationPortraitUpsideDown UIInterfaceOrientationLandscapeLeft UIInterfaceOrientationLandscapeRight";
				INFOPLIST_KEY_UISupportedInterfaceOrientations_iPhone = "UIInterfaceOrientationPortrait UIInterfaceOrientationLandscapeLeft UIInterfaceOrientationLandscapeRight";
				LD_RUNPATH_SEARCH_PATHS = (
					"$(inherited)",
					"@executable_path/Frameworks",
				);
				MARKETING_VERSION = 1.0;
				PRODUCT_BUNDLE_IDENTIFIER = me.koszhanov.tilek.CinemaApp;
				PRODUCT_NAME = "$(TARGET_NAME)";
				SWIFT_EMIT_LOC_STRINGS = YES;
				SWIFT_VERSION = 5.0;
				TARGETED_DEVICE_FAMILY = "1,2";
			};
			name = Release;
		};
/* End XCBuildConfiguration section */

/* Begin XCConfigurationList section */
		074F2D522B76001C00B21A02 /* Build configuration list for PBXProject "CinemaApp" */ = {
			isa = XCConfigurationList;
			buildConfigurations = (
				074F2D632B76001E00B21A02 /* Debug */,
				074F2D642B76001E00B21A02 /* Release */,
			);
			defaultConfigurationIsVisible = 0;
			defaultConfigurationName = Release;
		};
		074F2D652B76001E00B21A02 /* Build configuration list for PBXNativeTarget "CinemaApp" */ = {
			isa = XCConfigurationList;
			buildConfigurations = (
				074F2D662B76001E00B21A02 /* Debug */,
				074F2D672B76001E00B21A02 /* Release */,
			);
			defaultConfigurationIsVisible = 0;
			defaultConfigurationName = Release;
		};
/* End XCConfigurationList section */
	};
	rootObject = 074F2D4F2B76001C00B21A02 /* Project object */;
}
